
Microsoft Visual Studio Solution File, Format Version 12.00
Project("{FAE04EC0-301F-11D3-BF4B-00C04F79EFBC}") = "Cw_05", "Cw_05\Cw_05.csproj", "{158E17FD-2F59-4620-A787-DEBF2427AC87}"
EndProject
Global
	GlobalSection(SolutionConfigurationPlatforms) = preSolution
		Debug|Any CPU = Debug|Any CPU
		Release|Any CPU = Release|Any CPU
	EndGlobalSection
	GlobalSection(ProjectConfigurationPlatforms) = postSolution
		{158E17FD-2F59-4620-A787-DEBF2427AC87}.Debug|Any CPU.ActiveCfg = Debug|Any CPU
		{158E17FD-2F59-4620-A787-DEBF2427AC87}.Debug|Any CPU.Build.0 = Debug|Any CPU
		{158E17FD-2F59-4620-A787-DEBF2427AC87}.Release|Any CPU.ActiveCfg = Release|Any CPU
		{158E17FD-2F59-4620-A787-DEBF2427AC87}.Release|Any CPU.Build.0 = Release|Any CPU
	EndGlobalSection
EndGlobal
